// !$*UTF8*$!
{
	archiveVersion = 1;
	classes = {
	};
	objectVersion = 46;
	objects = {

/* Begin PBXBuildFile section */
		844982541EE5582C0074D101 /* AppDelegate.swift in Sources */ = {isa = PBXBuildFile; fileRef = 844982531EE5582C0074D101 /* AppDelegate.swift */; };
		844982561EE5582C0074D101 /* ViewController.swift in Sources */ = {isa = PBXBuildFile; fileRef = 844982551EE5582C0074D101 /* ViewController.swift */; };
		844982591EE5582C0074D101 /* Main.storyboard in Resources */ = {isa = PBXBuildFile; fileRef = 844982571EE5582C0074D101 /* Main.storyboard */; };
		8449825B1EE5582C0074D101 /* Assets.xcassets in Resources */ = {isa = PBXBuildFile; fileRef = 8449825A1EE5582C0074D101 /* Assets.xcassets */; };
		8449825E1EE5582C0074D101 /* LaunchScreen.storyboard in Resources */ = {isa = PBXBuildFile; fileRef = 8449825C1EE5582C0074D101 /* LaunchScreen.storyboard */; };
		844982661EE5590D0074D101 /* RootTableViewController.swift in Sources */ = {isa = PBXBuildFile; fileRef = 844982651EE5590D0074D101 /* RootTableViewController.swift */; };
		844982681EE58AB10074D101 /* addViewController.swift in Sources */ = {isa = PBXBuildFile; fileRef = 844982671EE58AB10074D101 /* addViewController.swift */; };
		8449826A1EE5ACB60074D101 /* datebase.swift in Sources */ = {isa = PBXBuildFile; fileRef = 844982691EE5ACB60074D101 /* datebase.swift */; };
		844982941EE801200074D101 /* MartViewController.swift in Sources */ = {isa = PBXBuildFile; fileRef = 844982931EE801200074D101 /* MartViewController.swift */; };
		844982961EE801FB0074D101 /* CombiniViewController.swift in Sources */ = {isa = PBXBuildFile; fileRef = 844982951EE801FB0074D101 /* CombiniViewController.swift */; };
		8449829A1EE8043B0074D101 /* MartListTableViewController.swift in Sources */ = {isa = PBXBuildFile; fileRef = 844982991EE8043B0074D101 /* MartListTableViewController.swift */; };
		8449829C1EE805460074D101 /* ListMartViewController.swift in Sources */ = {isa = PBXBuildFile; fileRef = 8449829B1EE805460074D101 /* ListMartViewController.swift */; };
		8449829E1EE824F40074D101 /* MainTableViewController.swift in Sources */ = {isa = PBXBuildFile; fileRef = 8449829D1EE824F40074D101 /* MainTableViewController.swift */; };
/* End PBXBuildFile section */

/* Begin PBXFileReference section */
		844982501EE5582C0074D101 /* Project.app */ = {isa = PBXFileReference; explicitFileType = wrapper.application; includeInIndex = 0; path = Project.app; sourceTree = BUILT_PRODUCTS_DIR; };
		844982531EE5582C0074D101 /* AppDelegate.swift */ = {isa = PBXFileReference; lastKnownFileType = sourcecode.swift; path = AppDelegate.swift; sourceTree = "<group>"; };
		844982551EE5582C0074D101 /* ViewController.swift */ = {isa = PBXFileReference; lastKnownFileType = sourcecode.swift; path = ViewController.swift; sourceTree = "<group>"; };
		844982581EE5582C0074D101 /* Base */ = {isa = PBXFileReference; lastKnownFileType = file.storyboard; name = Base; path = Base.lproj/Main.storyboard; sourceTree = "<group>"; };
		8449825A1EE5582C0074D101 /* Assets.xcassets */ = {isa = PBXFileReference; lastKnownFileType = folder.assetcatalog; path = Assets.xcassets; sourceTree = "<group>"; };
		8449825D1EE5582C0074D101 /* Base */ = {isa = PBXFileReference; lastKnownFileType = file.storyboard; name = Base; path = Base.lproj/LaunchScreen.storyboard; sourceTree = "<group>"; };
		8449825F1EE5582C0074D101 /* Info.plist */ = {isa = PBXFileReference; lastKnownFileType = text.plist.xml; path = Info.plist; sourceTree = "<group>"; };
		844982651EE5590D0074D101 /* RootTableViewController.swift */ = {isa = PBXFileReference; fileEncoding = 4; lastKnownFileType = sourcecode.swift; path = RootTableViewController.swift; sourceTree = "<group>"; };
		844982671EE58AB10074D101 /* addViewController.swift */ = {isa = PBXFileReference; fileEncoding = 4; lastKnownFileType = sourcecode.swift; path = addViewController.swift; sourceTree = "<group>"; };
		844982691EE5ACB60074D101 /* datebase.swift */ = {isa = PBXFileReference; fileEncoding = 4; lastKnownFileType = sourcecode.swift; path = datebase.swift; sourceTree = "<group>"; };
		844982931EE801200074D101 /* MartViewController.swift */ = {isa = PBXFileReference; fileEncoding = 4; lastKnownFileType = sourcecode.swift; path = MartViewController.swift; sourceTree = "<group>"; };
		844982951EE801FB0074D101 /* CombiniViewController.swift */ = {isa = PBXFileReference; fileEncoding = 4; lastKnownFileType = sourcecode.swift; path = CombiniViewController.swift; sourceTree = "<group>"; };
		844982991EE8043B0074D101 /* MartListTableViewController.swift */ = {isa = PBXFileReference; fileEncoding = 4; lastKnownFileType = sourcecode.swift; path = MartListTableViewController.swift; sourceTree = "<group>"; };
		8449829B1EE805460074D101 /* ListMartViewController.swift */ = {isa = PBXFileReference; fileEncoding = 4; lastKnownFileType = sourcecode.swift; path = ListMartViewController.swift; sourceTree = "<group>"; };
		8449829D1EE824F40074D101 /* MainTableViewController.swift */ = {isa = PBXFileReference; fileEncoding = 4; lastKnownFileType = sourcecode.swift; path = MainTableViewController.swift; sourceTree = "<group>"; };
/* End PBXFileReference section */

/* Begin PBXFrameworksBuildPhase section */
		8449824D1EE5582C0074D101 /* Frameworks */ = {
			isa = PBXFrameworksBuildPhase;
			buildActionMask = 2147483647;
			files = (
			);
			runOnlyForDeploymentPostprocessing = 0;
		};
/* End PBXFrameworksBuildPhase section */

/* Begin PBXGroup section */
		844982471EE5582C0074D101 = {
			isa = PBXGroup;
			children = (
				844982521EE5582C0074D101 /* Project */,
				844982511EE5582C0074D101 /* Products */,
			);
			sourceTree = "<group>";
		};
		844982511EE5582C0074D101 /* Products */ = {
			isa = PBXGroup;
			children = (
				844982501EE5582C0074D101 /* Project.app */,
			);
			name = Products;
			sourceTree = "<group>";
		};
		844982521EE5582C0074D101 /* Project */ = {
			isa = PBXGroup;
			children = (
				844982991EE8043B0074D101 /* MartListTableViewController.swift */,
				844982931EE801200074D101 /* MartViewController.swift */,
				844982531EE5582C0074D101 /* AppDelegate.swift */,
				844982551EE5582C0074D101 /* ViewController.swift */,
				844982951EE801FB0074D101 /* CombiniViewController.swift */,
				844982571EE5582C0074D101 /* Main.storyboard */,
				8449829D1EE824F40074D101 /* MainTableViewController.swift */,
				8449829B1EE805460074D101 /* ListMartViewController.swift */,
				844982671EE58AB10074D101 /* addViewController.swift */,
				844982651EE5590D0074D101 /* RootTableViewController.swift */,
				844982691EE5ACB60074D101 /* datebase.swift */,
				8449825A1EE5582C0074D101 /* Assets.xcassets */,
				8449825C1EE5582C0074D101 /* LaunchScreen.storyboard */,
				8449825F1EE5582C0074D101 /* Info.plist */,
			);
			path = Project;
			sourceTree = "<group>";
		};
/* End PBXGroup section */

/* Begin PBXNativeTarget section */
		8449824F1EE5582C0074D101 /* Project */ = {
			isa = PBXNativeTarget;
			buildConfigurationList = 844982621EE5582C0074D101 /* Build configuration list for PBXNativeTarget "Project" */;
			buildPhases = (
				8449824C1EE5582C0074D101 /* Sources */,
				8449824D1EE5582C0074D101 /* Frameworks */,
				8449824E1EE5582C0074D101 /* Resources */,
			);
			buildRules = (
			);
			dependencies = (
			);
			name = Project;
			productName = Project;
			productReference = 844982501EE5582C0074D101 /* Project.app */;
			productType = "com.apple.product-type.application";
		};
/* End PBXNativeTarget section */

/* Begin PBXProject section */
		844982481EE5582C0074D101 /* Project object */ = {
			isa = PBXProject;
			attributes = {
				LastSwiftUpdateCheck = 0830;
				LastUpgradeCheck = 0830;
				ORGANIZATIONNAME = "유호근";
				TargetAttributes = {
					8449824F1EE5582C0074D101 = {
						CreatedOnToolsVersion = 8.3.2;
						ProvisioningStyle = Automatic;
					};
				};
			};
			buildConfigurationList = 8449824B1EE5582C0074D101 /* Build configuration list for PBXProject "Project" */;
			compatibilityVersion = "Xcode 3.2";
			developmentRegion = English;
			hasScannedForEncodings = 0;
			knownRegions = (
				en,
				Base,
			);
			mainGroup = 844982471EE5582C0074D101;
			productRefGroup = 844982511EE5582C0074D101 /* Products */;
			projectDirPath = "";
			projectRoot = "";
			targets = (
				8449824F1EE5582C0074D101 /* Project */,
			);
		};
/* End PBXProject section */

/* Begin PBXResourcesBuildPhase section */
		8449824E1EE5582C0074D101 /* Resources */ = {
			isa = PBXResourcesBuildPhase;
			buildActionMask = 2147483647;
			files = (
				8449825E1EE5582C0074D101 /* LaunchScreen.storyboard in Resources */,
				8449825B1EE5582C0074D101 /* Assets.xcassets in Resources */,
				844982591EE5582C0074D101 /* Main.storyboard in Resources */,
			);
			runOnlyForDeploymentPostprocessing = 0;
		};
/* End PBXResourcesBuildPhase section */

/* Begin PBXSourcesBuildPhase section */
		8449824C1EE5582C0074D101 /* Sources */ = {
			isa = PBXSourcesBuildPhase;
			buildActionMask = 2147483647;
			files = (
				844982561EE5582C0074D101 /* ViewController.swift in Sources */,
				8449829A1EE8043B0074D101 /* MartListTableViewController.swift in Sources */,
				8449826A1EE5ACB60074D101 /* datebase.swift in Sources */,
				844982941EE801200074D101 /* MartViewController.swift in Sources */,
				8449829C1EE805460074D101 /* ListMartViewController.swift in Sources */,
				844982961EE801FB0074D101 /* CombiniViewController.swift in Sources */,
				844982661EE5590D0074D101 /* RootTableViewController.swift in Sources */,
				844982681EE58AB10074D101 /* addViewController.swift in Sources */,
				8449829E1EE824F40074D101 /* MainTableViewController.swift in Sources */,
				844982541EE5582C0074D101 /* AppDelegate.swift in Sources */,
			);
			runOnlyForDeploymentPostprocessing = 0;
		};
/* End PBXSourcesBuildPhase section */

/* Begin PBXVariantGroup section */
		844982571EE5582C0074D101 /* Main.storyboard */ = {
			isa = PBXVariantGroup;
			children = (
				844982581EE5582C0074D101 /* Base */,
			);
			name = Main.storyboard;
			sourceTree = "<group>";
		};
		8449825C1EE5582C0074D101 /* LaunchScreen.storyboard */ = {
			isa = PBXVariantGroup;
			children = (
				8449825D1EE5582C0074D101 /* Base */,
			);
			name = LaunchScreen.storyboard;
			sourceTree = "<group>";
		};
/* End PBXVariantGroup section */

/* Begin XCBuildConfiguration section */
		844982601EE5582C0074D101 /* Debug */ = {
			isa = XCBuildConfiguration;
			buildSettings = {
				ALWAYS_SEARCH_USER_PATHS = NO;
				CLANG_ANALYZER_NONNULL = YES;
				CLANG_ANALYZER_NUMBER_OBJECT_CONVERSION = YES_AGGRESSIVE;
				CLANG_CXX_LANGUAGE_STANDARD = "gnu++0x";
				CLANG_CXX_LIBRARY = "libc++";
				CLANG_ENABLE_MODULES = YES;
				CLANG_ENABLE_OBJC_ARC = YES;
				CLANG_WARN_BOOL_CONVERSION = YES;
				CLANG_WARN_CONSTANT_CONVERSION = YES;
				CLANG_WARN_DIRECT_OBJC_ISA_USAGE = YES_ERROR;
				CLANG_WARN_DOCUMENTATION_COMMENTS = YES;
				CLANG_WARN_EMPTY_BODY = YES;
				CLANG_WARN_ENUM_CONVERSION = YES;
				CLANG_WARN_INFINITE_RECURSION = YES;
				CLANG_WARN_INT_CONVERSION = YES;
				CLANG_WARN_OBJC_ROOT_CLASS = YES_ERROR;
				CLANG_WARN_SUSPICIOUS_MOVE = YES;
				CLANG_WARN_UNREACHABLE_CODE = YES;
				CLANG_WARN__DUPLICATE_METHOD_MATCH = YES;
				"CODE_SIGN_IDENTITY[sdk=iphoneos*]" = "iPhone Developer";
				COPY_PHASE_STRIP = NO;
				DEBUG_INFORMATION_FORMAT = dwarf;
				ENABLE_STRICT_OBJC_MSGSEND = YES;
				ENABLE_TESTABILITY = YES;
				GCC_C_LANGUAGE_STANDARD = gnu99;
				GCC_DYNAMIC_NO_PIC = NO;
				GCC_NO_COMMON_BLOCKS = YES;
				GCC_OPTIMIZATION_LEVEL = 0;
				GCC_PREPROCESSOR_DEFINITIONS = (
					"DEBUG=1",
					"$(inherited)",
				);
				GCC_WARN_64_TO_32_BIT_CONVERSION = YES;
				GCC_WARN_ABOUT_RETURN_TYPE = YES_ERROR;
				GCC_WARN_UNDECLARED_SELECTOR = YES;
				GCC_WARN_UNINITIALIZED_AUTOS = YES_AGGRESSIVE;
				GCC_WARN_UNUSED_FUNCTION = YES;
				GCC_WARN_UNUSED_VARIABLE = YES;
				IPHONEOS_DEPLOYMENT_TARGET = 10.3;
				MTL_ENABLE_DEBUG_INFO = YES;
				ONLY_ACTIVE_ARCH = YES;
				SDKROOT = iphoneos;
				SWIFT_ACTIVE_COMPILATION_CONDITIONS = DEBUG;
				SWIFT_OPTIMIZATION_LEVEL = "-Onone";
			};
			name = Debug;
		};
		844982611EE5582C0074D101 /* Release */ = {
			isa = XCBuildConfiguration;
			buildSettings = {
				ALWAYS_SEARCH_USER_PATHS = NO;
				CLANG_ANALYZER_NONNULL = YES;
				CLANG_ANALYZER_NUMBER_OBJECT_CONVERSION = YES_AGGRESSIVE;
				CLANG_CXX_LANGUAGE_STANDARD = "gnu++0x";
				CLANG_CXX_LIBRARY = "libc++";
				CLANG_ENABLE_MODULES = YES;
				CLANG_ENABLE_OBJC_ARC = YES;
				CLANG_WARN_BOOL_CONVERSION = YES;
				CLANG_WARN_CONSTANT_CONVERSION = YES;
				CLANG_WARN_DIRECT_OBJC_ISA_USAGE = YES_ERROR;
				CLANG_WARN_DOCUMENTATION_COMMENTS = YES;
				CLANG_WARN_EMPTY_BODY = YES;
				CLANG_WARN_ENUM_CONVERSION = YES;
				CLANG_WARN_INFINITE_RECURSION = YES;
				CLANG_WARN_INT_CONVERSION = YES;
				CLANG_WARN_OBJC_ROOT_CLASS = YES_ERROR;
				CLANG_WARN_SUSPICIOUS_MOVE = YES;
				CLANG_WARN_UNREACHABLE_CODE = YES;
				CLANG_WARN__DUPLICATE_METHOD_MATCH = YES;
				"CODE_SIGN_IDENTITY[sdk=iphoneos*]" = "iPhone Developer";
				COPY_PHASE_STRIP = NO;
				DEBUG_INFORMATION_FORMAT = "dwarf-with-dsym";
				ENABLE_NS_ASSERTIONS = NO;
				ENABLE_STRICT_OBJC_MSGSEND = YES;
				GCC_C_LANGUAGE_STANDARD = gnu99;
				GCC_NO_COMMON_BLOCKS = YES;
				GCC_WARN_64_TO_32_BIT_CONVERSION = YES;
				GCC_WARN_ABOUT_RETURN_TYPE = YES_ERROR;
				GCC_WARN_UNDECLARED_SELECTOR = YES;
				GCC_WARN_UNINITIALIZED_AUTOS = YES_AGGRESSIVE;
				GCC_WARN_UNUSED_FUNCTION = YES;
				GCC_WARN_UNUSED_VARIABLE = YES;
				IPHONEOS_DEPLOYMENT_TARGET = 10.3;
				MTL_ENABLE_DEBUG_INFO = NO;
				SDKROOT = iphoneos;
				SWIFT_OPTIMIZATION_LEVEL = "-Owholemodule";
				VALIDATE_PRODUCT = YES;
			};
			name = Release;
		};
		844982631EE5582C0074D101 /* Debug */ = {
			isa = XCBuildConfiguration;
			buildSettings = {
				ASSETCATALOG_COMPILER_APPICON_NAME = AppIcon;
				INFOPLIST_FILE = Project/Info.plist;
				LD_RUNPATH_SEARCH_PATHS = "$(inherited) @executable_path/Frameworks";
				PRODUCT_BUNDLE_IDENTIFIER = hogeun.Project;
				PRODUCT_NAME = "$(TARGET_NAME)";
				SWIFT_VERSION = 3.0;
			};
			name = Debug;
		};
		844982641EE5582C0074D101 /* Release */ = {
			isa = XCBuildConfiguration;
			buildSettings = {
				ASSETCATALOG_COMPILER_APPICON_NAME = AppIcon;
				INFOPLIST_FILE = Project/Info.plist;
				LD_RUNPATH_SEARCH_PATHS = "$(inherited) @executable_path/Frameworks";
				PRODUCT_BUNDLE_IDENTIFIER = hogeun.Project;
				PRODUCT_NAME = "$(TARGET_NAME)";
				SWIFT_VERSION = 3.0;
			};
			name = Release;
		};
/* End XCBuildConfiguration section */

/* Begin XCConfigurationList section */
		8449824B1EE5582C0074D101 /* Build configuration list for PBXProject "Project" */ = {
			isa = XCConfigurationList;
			buildConfigurations = (
				844982601EE5582C0074D101 /* Debug */,
				844982611EE5582C0074D101 /* Release */,
			);
			defaultConfigurationIsVisible = 0;
			defaultConfigurationName = Release;
		};
		844982621EE5582C0074D101 /* Build configuration list for PBXNativeTarget "Project" */ = {
			isa = XCConfigurationList;
			buildConfigurations = (
				844982631EE5582C0074D101 /* Debug */,
				844982641EE5582C0074D101 /* Release */,
			);
			defaultConfigurationIsVisible = 0;
			defaultConfigurationName = Release;
		};
/* End XCConfigurationList section */
	};
	rootObject = 844982481EE5582C0074D101 /* Project object */;
}
